
Microsoft Visual Studio Solution File, Format Version 12.00
# Visual Studio Version 16
VisualStudioVersion = 16.0.30011.22
MinimumVisualStudioVersion = 10.0.40219.1
Project("{FAE04EC0-301F-11D3-BF4B-00C04F79EFBC}") = "MonoGame-Template", "Platforms\WindowsDX\MonoGame-Template.csproj", "{667B7E8D-53EF-4E5A-BDD6-D23EE355305C}"
EndProject
Global
	GlobalSection(SolutionConfigurationPlatforms) = preSolution
		Debug|x86 = Debug|x86
		Release|x86 = Release|x86
	EndGlobalSection
	GlobalSection(ProjectConfigurationPlatforms) = postSolution
		{667B7E8D-53EF-4E5A-BDD6-D23EE355305C}.Debug|x86.ActiveCfg = Debug|x86
		{667B7E8D-53EF-4E5A-BDD6-D23EE355305C}.Debug|x86.Build.0 = Debug|x86
		{667B7E8D-53EF-4E5A-BDD6-D23EE355305C}.Release|x86.ActiveCfg = Release|x86
		{667B7E8D-53EF-4E5A-BDD6-D23EE355305C}.Release|x86.Build.0 = Release|x86
	EndGlobalSection
	GlobalSection(SolutionProperties) = preSolution
		HideSolutionNode = FALSE
	EndGlobalSection
	GlobalSection(ExtensibilityGlobals) = postSolution
		SolutionGuid = {45CE9F73-1E1E-462D-BD0A-FAAF38430670}
	EndGlobalSection
EndGlobal
